{
  "version": 4,
  "terraform_version": "1.6.3",
  "serial": 75,
  "lineage": "ff39e23d-9928-6753-9ee9-21ee7d3c5e66",
  "outputs": {
    "key_data": {
      "value": "ssh-rsa AAAAB3NzaC1yc2EAAAADAQABAAABgQDRMjlYtowqWzmDTTuxuzKBvJt5tnAPy2DY4a6OJLPcTzGki2c7MdXki6OcEq3mt4E3tSkQWuUjtmHby1w7HXYbrmAKTzulUlJxzM8M05/wUXrrRSlREY2DLkFgxuR3ik0yWXZetChVCjUEDUuoSQ52LOThHPQYAalVI0BA63rquYf0Knc3lGr3MUvQ38PB/yUYwftV4NLHXvpH5NSBcbZQmidm+yVbRboE2Pod+V0SwmZoUCUP/qira45/mikajF/dDPZMu5FJ33OSIvpvSPTgH48DUb2j7ExmsZhPZ0rI0sdYIrYSfRjC/BLlc8Sd39PsPKSIYYpnaMa2g838cCPaAbSbNyzYD/tP+DvkHZFetNdAC1yaw98a3seMTQIZAwTjIPTvMuIHIYixR+O2+R8GanrT9j/RAfZkVoJTIasTeBxIhDTVLWju+9Iw6XViDlrJuRPCyINvpRAmsGeNPCPMShbBDVd9Wg692NDEU8MwMbH2lHfvXhYJ/nCRM9AnIT0= generated-by-azure",
      "type": "string"
    },
    "public_ip_address": {
      "value": "172.190.160.87",
      "type": "string"
    },
    "resource_group_name": {
      "value": "rg-just-dove",
      "type": "string"
    }
  },
  "resources": [
    {
      "mode": "managed",
      "type": "azapi_resource",
      "name": "ssh_public_key",
      "provider": "provider[\"registry.terraform.io/azure/azapi\"]",
      "instances": [
        {
          "schema_version": 1,
          "attributes": {
            "body": {
              "value": "{}",
              "type": "string"
            },
            "id": "/subscriptions/245f845f-a373-40f2-91cc-2ef54dbb258c/resourceGroups/rg-just-dove/providers/Microsoft.Compute/sshPublicKeys/sshintimateswift",
            "identity": [],
            "ignore_body_changes": null,
            "ignore_casing": false,
            "ignore_missing_property": true,
            "location": "eastus",
            "locks": null,
            "name": "sshintimateswift",
            "output": {
              "value": "{}",
              "type": "string"
            },
            "parent_id": "/subscriptions/245f845f-a373-40f2-91cc-2ef54dbb258c/resourceGroups/rg-just-dove",
            "removing_special_chars": false,
            "response_export_values": null,
            "schema_validation_enabled": true,
            "tags": null,
            "timeouts": null,
            "type": "Microsoft.Compute/sshPublicKeys@2022-11-01"
          },
          "sensitive_attributes": [],
          "dependencies": [
            "azurerm_resource_group.rg",
            "random_pet.rg_name",
            "random_pet.ssh_key_name"
          ]
        }
      ]
    },
    {
      "mode": "managed",
      "type": "azapi_resource_action",
      "name": "ssh_public_key_gen",
      "provider": "provider[\"registry.terraform.io/azure/azapi\"]",
      "instances": [
        {
          "schema_version": 1,
          "attributes": {
            "action": "generateKeyPair",
            "body": null,
            "id": "/subscriptions/245f845f-a373-40f2-91cc-2ef54dbb258c/resourceGroups/rg-just-dove/providers/Microsoft.Compute/sshPublicKeys/sshintimateswift/generateKeyPair",
            "locks": null,
            "method": "POST",
            "output": {
              "value": {
                "privateKey": "-----BEGIN RSA PRIVATE KEY-----\r\nMIIG5gIBAAKCAYEA0TI5WLaMKls5g007sbsygbybebZwD8tg2OGujiSz3E8xpItn\r\nOzHV5IujnBKt5reBN7UpEFrlI7Zh28tcOx12G65gCk87pVJScczPDNOf8FF660Up\r\nURGNgy5BYMbkd4pNMll2XrQoVQo1BA1LqEkOdizk4Rz0GAGpVSNAQOt66rmH9Cp3\r\nN5Rq9zFL0N/Dwf8lGMH7VeDSx176R+TUgXG2UJonZvslW0W6BNj6HfldEsJmaFAl\r\nD/6oq2uOf5opGoxf3Qz2TLuRSd9zkiL6b0j04B+PA1G9o+xMZrGYT2dKyNLHWCK2\r\nEn0YwvwS5XPEnd/T7DykiGGKZ2jGtoPN/HAj2gG0mzcs2A/7T/g75B2RXrTXQAtc\r\nmsPfGt7HjE0CGQME4yD07zLiByGIsUfjtvkfBmp60/Y/0QH2ZFaCUyGrE3gcSIQ0\r\n1S1o7vvSMOl1Yg5aybkTwsiDb6UQJrBnjTwjzEoWwQ1XfVoOvdjQxFPDMDGx9pR3\r\n714WCf5wkTPQJyE9AgMBAAECggGBAJiOiNWSInuNFU8UlrDRNE76bWOAUQ6joVfo\r\nlPRh/axvMGOvqbO4bySBVOovkRRMxHYMrgqYTrwReCHilrshjA05yB4clAHHHAqT\r\ncncHKX8G3J4QTMYrB8kfhVv/D4PBnvRV24XK2hLSI8F1tLPfuyUhLjSgeb28EHHf\r\nCC+Pyo68iFHeWhx1JuBn2cNUO50Q5Uu9wv1ovC3arKibTwGrHGqBULS/+AksuzBn\r\nz1bmkCJrFGWD9NNKQlToVf3mPY13yesIOt3Sgoi9sMNz3Ua5bjYz6uz+3fyEV28M\r\nW8x+RjX8dHx1KnJY5kjTTXjIBI22K/v1bOvyKIqeIgCI8edfDrCpmUylHGWrq80N\r\nRDTC89DNZBcLiyZ3tMGE8/3T3OZYr5MuAyZAj9qU/z4ICjZL3XGORU49TS/lfeWc\r\n7UgiU495p9myfRQh/ebi1ut5uAZjSKmG67z+BqGKzWhaEVPInmMQ/xUEDE4w7Q1x\r\nXK/xCptxD+CzJRiroPO6nRmALDKo3QKBwQD02ryDMqurf/uC4fHUgK/lDM3gPJOh\r\nSbQVaPjY893VqcqjkOJ7a+fi/n6opX+6HkZ22zkRCnAZDQk5IhiMhZeO+OOh27Um\r\nIZLMJ6PNx7ybp16UddL4xFs1al6eoNspIcPQyvWfkm2uXaaY76tpIUvuPe3lcCYn\r\nq50fQzJQpI/+X8VavfM1P+JrpT9UfgkOGZVyIYsw4O/Z9Gab+OUd1p/qJjlprrp/\r\nv6BJ1wGF9auBNrQNO9DwLvTzRfqBe95Bf5sCgcEA2rf3N5uA12QVYfLaQfKK8s1f\r\nM1MRiOG0ak9fcYMJKzeLG0lVRD/ebMPiIVyzQUwDPC1QJBnRM+N8Jf9CsKIBabsJ\r\nJqjpH8D9EPu2RUXZioqIsGKtYFAcvayPAiq9/MDttG88LL3rbiCeu4FiAInicDgg\r\nYuDc2qv47w6zgq+xjm7l1Mjs0B/oaci1p5tswYJ1fqy429BdHhLBQQPfXruj7V7X\r\n78PHSgLzQjIESWiasEXqeWsMI1Hv9+WH96PRKiwHAoHBALc0YxCXfTNZE0se297w\r\nWqu7JN++84ceqovKe0d5UGZqIKC563wFhP+nBAYTrroHpRmRdeV2NeHIizogdNXP\r\nr1LejxOwXJ4nSLtQfZOe+1RLqszSTASuhsA00o9GNDVWejljYtz+pupsUBbmXQ7Q\r\nRwv/clzVyPatxWZ61M7aEpN1/SikL7GMF1IL1pLVqtjN86/twUPVSiF+aLgTRvtI\r\nd2avKw4UGp8zNi+JnC4rXyPTVm0AcJkFyWms1n7Du8yuOQKBwQDXZrw68JO4DOIe\r\nH80hi5uaOfZbFqE7PIWw+VCW+yTpgf8mtVcbKweD+HpYvvHvCcxZ1IqLsz1cK9qV\r\nlUn5qONZXJFLmKhW1Hqm4i8FFCCFl5+8jsIPC3byueHxkWSgauTvgWky6yvUvp11\r\nLpv0ydbPDAehObFoTluQG9tghmWIT+FbaTIIWpRKshds5N37yd6rDbHVEeTS/EeF\r\nHyo6IvPzjyd9A0PeuP8XnyinnzRRC9o7D9jZZBW//zakBZq2PLsCgcEAt0ORqA5k\r\n8JSsan63iFYDmo9BcGRqk7bl9m+fRJ1W44X1GDHZzZfzN0RD31PfphIjYehbMBBm\r\naSrX+Umx0ICjyKVrs2c7KqHBRnpmxL4IJnWu49Uw9/6Sfp4GpXuxTc0JDEnff9Ll\r\npfi1xMV8Iy73xpU6ce3rz1nI9BdEt0xuYl6GW7ypkXuK5bOdrx8JajewdYFqdfJs\r\nvc7JbWZJWOvXoOTNX+qtKuwaUXDBH6n5CSnD/9IhDrbkK2LBhsyKsVBO\r\n-----END RSA PRIVATE KEY-----\r\n",
                "publicKey": "ssh-rsa AAAAB3NzaC1yc2EAAAADAQABAAABgQDRMjlYtowqWzmDTTuxuzKBvJt5tnAPy2DY4a6OJLPcTzGki2c7MdXki6OcEq3mt4E3tSkQWuUjtmHby1w7HXYbrmAKTzulUlJxzM8M05/wUXrrRSlREY2DLkFgxuR3ik0yWXZetChVCjUEDUuoSQ52LOThHPQYAalVI0BA63rquYf0Knc3lGr3MUvQ38PB/yUYwftV4NLHXvpH5NSBcbZQmidm+yVbRboE2Pod+V0SwmZoUCUP/qira45/mikajF/dDPZMu5FJ33OSIvpvSPTgH48DUb2j7ExmsZhPZ0rI0sdYIrYSfRjC/BLlc8Sd39PsPKSIYYpnaMa2g838cCPaAbSbNyzYD/tP+DvkHZFetNdAC1yaw98a3seMTQIZAwTjIPTvMuIHIYixR+O2+R8GanrT9j/RAfZkVoJTIasTeBxIhDTVLWju+9Iw6XViDlrJuRPCyINvpRAmsGeNPCPMShbBDVd9Wg692NDEU8MwMbH2lHfvXhYJ/nCRM9AnIT0= generated-by-azure"
              },
              "type": [
                "object",
                {
                  "privateKey": "string",
                  "publicKey": "string"
                }
              ]
            },
            "resource_id": "/subscriptions/245f845f-a373-40f2-91cc-2ef54dbb258c/resourceGroups/rg-just-dove/providers/Microsoft.Compute/sshPublicKeys/sshintimateswift",
            "response_export_values": [
              "publicKey",
              "privateKey"
            ],
            "timeouts": null,
            "type": "Microsoft.Compute/sshPublicKeys@2022-11-01",
            "when": "apply"
          },
          "sensitive_attributes": [],
          "dependencies": [
            "azapi_resource.ssh_public_key",
            "azurerm_resource_group.rg",
            "random_pet.rg_name",
            "random_pet.ssh_key_name"
          ]
        }
      ]
    },
    {
      "mode": "managed",
      "type": "azurerm_linux_virtual_machine",
      "name": "my_terraform_vm",
      "provider": "provider[\"registry.terraform.io/hashicorp/azurerm\"]",
      "instances": [
        {
          "schema_version": 0,
          "attributes": {
            "additional_capabilities": [],
            "admin_password": null,
            "admin_ssh_key": [
              {
                "public_key": "ssh-rsa AAAAB3NzaC1yc2EAAAADAQABAAABgQDRMjlYtowqWzmDTTuxuzKBvJt5tnAPy2DY4a6OJLPcTzGki2c7MdXki6OcEq3mt4E3tSkQWuUjtmHby1w7HXYbrmAKTzulUlJxzM8M05/wUXrrRSlREY2DLkFgxuR3ik0yWXZetChVCjUEDUuoSQ52LOThHPQYAalVI0BA63rquYf0Knc3lGr3MUvQ38PB/yUYwftV4NLHXvpH5NSBcbZQmidm+yVbRboE2Pod+V0SwmZoUCUP/qira45/mikajF/dDPZMu5FJ33OSIvpvSPTgH48DUb2j7ExmsZhPZ0rI0sdYIrYSfRjC/BLlc8Sd39PsPKSIYYpnaMa2g838cCPaAbSbNyzYD/tP+DvkHZFetNdAC1yaw98a3seMTQIZAwTjIPTvMuIHIYixR+O2+R8GanrT9j/RAfZkVoJTIasTeBxIhDTVLWju+9Iw6XViDlrJuRPCyINvpRAmsGeNPCPMShbBDVd9Wg692NDEU8MwMbH2lHfvXhYJ/nCRM9AnIT0= generated-by-azure",
                "username": "azureadmin"
              }
            ],
            "admin_username": "azureadmin",
            "allow_extension_operations": true,
            "availability_set_id": "",
            "boot_diagnostics": [
              {
                "storage_account_uri": "https://diag52dce86468d74049.blob.core.windows.net/"
              }
            ],
            "bypass_platform_safety_checks_on_user_schedule_enabled": false,
            "capacity_reservation_group_id": "",
            "computer_name": "hostname",
            "custom_data": null,
            "dedicated_host_group_id": "",
            "dedicated_host_id": "",
            "disable_password_authentication": true,
            "disk_controller_type": "SCSI",
            "edge_zone": "",
            "encryption_at_host_enabled": false,
            "eviction_policy": "",
            "extensions_time_budget": "PT1H30M",
            "gallery_application": [],
            "id": "/subscriptions/245f845f-a373-40f2-91cc-2ef54dbb258c/resourceGroups/rg-just-dove/providers/Microsoft.Compute/virtualMachines/myVM",
            "identity": [],
            "license_type": "",
            "location": "eastus",
            "max_bid_price": -1,
            "name": "myVM",
            "network_interface_ids": [
              "/subscriptions/245f845f-a373-40f2-91cc-2ef54dbb258c/resourceGroups/rg-just-dove/providers/Microsoft.Network/networkInterfaces/myNIC"
            ],
            "os_disk": [
              {
                "caching": "ReadWrite",
                "diff_disk_settings": [],
                "disk_encryption_set_id": "",
                "disk_size_gb": 30,
                "name": "myOsDisk",
                "secure_vm_disk_encryption_set_id": "",
                "security_encryption_type": "",
                "storage_account_type": "Standard_LRS",
                "write_accelerator_enabled": false
              }
            ],
            "os_image_notification": [],
            "patch_assessment_mode": "ImageDefault",
            "patch_mode": "ImageDefault",
            "plan": [],
            "platform_fault_domain": -1,
            "priority": "Regular",
            "private_ip_address": "10.0.1.4",
            "private_ip_addresses": [
              "10.0.1.4"
            ],
            "provision_vm_agent": true,
            "proximity_placement_group_id": "",
            "public_ip_address": "172.190.160.87",
            "public_ip_addresses": [
              "172.190.160.87"
            ],
            "reboot_setting": "",
            "resource_group_name": "rg-just-dove",
            "secret": [],
            "secure_boot_enabled": false,
            "size": "Standard_B1s",
            "source_image_id": "",
            "source_image_reference": [
              {
                "offer": "0001-com-ubuntu-server-jammy",
                "publisher": "Canonical",
                "sku": "22_04-lts-gen2",
                "version": "latest"
              }
            ],
            "tags": null,
            "termination_notification": null,
            "timeouts": null,
            "user_data": "",
            "virtual_machine_id": "bd0e3da7-4b9d-4de6-aebe-58b1d8392a7d",
            "virtual_machine_scale_set_id": "",
            "vm_agent_platform_updates_enabled": false,
            "vtpm_enabled": false,
            "zone": ""
          },
          "sensitive_attributes": [],
          "private": "eyJlMmJmYjczMC1lY2FhLTExZTYtOGY4OC0zNDM2M2JjN2M0YzAiOnsiY3JlYXRlIjoyNzAwMDAwMDAwMDAwLCJkZWxldGUiOjI3MDAwMDAwMDAwMDAsInJlYWQiOjMwMDAwMDAwMDAwMCwidXBkYXRlIjoyNzAwMDAwMDAwMDAwfX0=",
          "dependencies": [
            "azapi_resource.ssh_public_key",
            "azapi_resource_action.ssh_public_key_gen",
            "azurerm_network_interface.my_terraform_nic",
            "azurerm_public_ip.my_terraform_public_ip",
            "azurerm_resource_group.rg",
            "azurerm_storage_account.my_storage_account",
            "azurerm_subnet.my_terraform_subnet",
            "azurerm_virtual_network.my_terraform_network",
            "random_id.random_id",
            "random_pet.rg_name",
            "random_pet.ssh_key_name"
          ]
        }
      ]
    },
    {
      "mode": "managed",
      "type": "azurerm_network_interface",
      "name": "my_terraform_nic",
      "provider": "provider[\"registry.terraform.io/hashicorp/azurerm\"]",
      "instances": [
        {
          "schema_version": 0,
          "attributes": {
            "accelerated_networking_enabled": false,
            "applied_dns_servers": [],
            "auxiliary_mode": "",
            "auxiliary_sku": "",
            "dns_servers": [],
            "edge_zone": "",
            "enable_accelerated_networking": false,
            "enable_ip_forwarding": false,
            "id": "/subscriptions/245f845f-a373-40f2-91cc-2ef54dbb258c/resourceGroups/rg-just-dove/providers/Microsoft.Network/networkInterfaces/myNIC",
            "internal_dns_name_label": "",
            "internal_domain_name_suffix": "srw2fb52vrfubercyi5s120gia.bx.internal.cloudapp.net",
            "ip_configuration": [
              {
                "gateway_load_balancer_frontend_ip_configuration_id": "",
                "name": "my_nic_configuration",
                "primary": true,
                "private_ip_address": "10.0.1.4",
                "private_ip_address_allocation": "Dynamic",
                "private_ip_address_version": "IPv4",
                "public_ip_address_id": "/subscriptions/245f845f-a373-40f2-91cc-2ef54dbb258c/resourceGroups/rg-just-dove/providers/Microsoft.Network/publicIPAddresses/myPublicIP",
                "subnet_id": "/subscriptions/245f845f-a373-40f2-91cc-2ef54dbb258c/resourceGroups/rg-just-dove/providers/Microsoft.Network/virtualNetworks/myVnet/subnets/mySubnet"
              }
            ],
            "ip_forwarding_enabled": false,
            "location": "eastus",
            "mac_address": "",
            "name": "myNIC",
            "private_ip_address": "10.0.1.4",
            "private_ip_addresses": [
              "10.0.1.4"
            ],
            "resource_group_name": "rg-just-dove",
            "tags": null,
            "timeouts": null,
            "virtual_machine_id": ""
          },
          "sensitive_attributes": [],
          "private": "eyJlMmJmYjczMC1lY2FhLTExZTYtOGY4OC0zNDM2M2JjN2M0YzAiOnsiY3JlYXRlIjoxODAwMDAwMDAwMDAwLCJkZWxldGUiOjE4MDAwMDAwMDAwMDAsInJlYWQiOjMwMDAwMDAwMDAwMCwidXBkYXRlIjoxODAwMDAwMDAwMDAwfX0=",
          "dependencies": [
            "azurerm_public_ip.my_terraform_public_ip",
            "azurerm_resource_group.rg",
            "azurerm_subnet.my_terraform_subnet",
            "azurerm_virtual_network.my_terraform_network",
            "random_pet.rg_name"
          ]
        }
      ]
    },
    {
      "mode": "managed",
      "type": "azurerm_network_interface_security_group_association",
      "name": "example",
      "provider": "provider[\"registry.terraform.io/hashicorp/azurerm\"]",
      "instances": [
        {
          "schema_version": 0,
          "attributes": {
            "id": "/subscriptions/245f845f-a373-40f2-91cc-2ef54dbb258c/resourceGroups/rg-just-dove/providers/Microsoft.Network/networkInterfaces/myNIC|/subscriptions/245f845f-a373-40f2-91cc-2ef54dbb258c/resourceGroups/rg-just-dove/providers/Microsoft.Network/networkSecurityGroups/myNetworkSecurityGroup",
            "network_interface_id": "/subscriptions/245f845f-a373-40f2-91cc-2ef54dbb258c/resourceGroups/rg-just-dove/providers/Microsoft.Network/networkInterfaces/myNIC",
            "network_security_group_id": "/subscriptions/245f845f-a373-40f2-91cc-2ef54dbb258c/resourceGroups/rg-just-dove/providers/Microsoft.Network/networkSecurityGroups/myNetworkSecurityGroup",
            "timeouts": null
          },
          "sensitive_attributes": [],
          "private": "eyJlMmJmYjczMC1lY2FhLTExZTYtOGY4OC0zNDM2M2JjN2M0YzAiOnsiY3JlYXRlIjoxODAwMDAwMDAwMDAwLCJkZWxldGUiOjE4MDAwMDAwMDAwMDAsInJlYWQiOjMwMDAwMDAwMDAwMH19",
          "dependencies": [
            "azurerm_network_interface.my_terraform_nic",
            "azurerm_network_security_group.my_terraform_nsg",
            "azurerm_public_ip.my_terraform_public_ip",
            "azurerm_resource_group.rg",
            "azurerm_subnet.my_terraform_subnet",
            "azurerm_virtual_network.my_terraform_network",
            "random_pet.rg_name"
          ]
        }
      ]
    },
    {
      "mode": "managed",
      "type": "azurerm_network_security_group",
      "name": "my_terraform_nsg",
      "provider": "provider[\"registry.terraform.io/hashicorp/azurerm\"]",
      "instances": [
        {
          "schema_version": 0,
          "attributes": {
            "id": "/subscriptions/245f845f-a373-40f2-91cc-2ef54dbb258c/resourceGroups/rg-just-dove/providers/Microsoft.Network/networkSecurityGroups/myNetworkSecurityGroup",
            "location": "eastus",
            "name": "myNetworkSecurityGroup",
            "resource_group_name": "rg-just-dove",
            "security_rule": [
              {
                "access": "Allow",
                "description": "",
                "destination_address_prefix": "*",
                "destination_address_prefixes": [],
                "destination_application_security_group_ids": [],
                "destination_port_range": "22",
                "destination_port_ranges": [],
                "direction": "Inbound",
                "name": "SSH",
                "priority": 1001,
                "protocol": "Tcp",
                "source_address_prefix": "*",
                "source_address_prefixes": [],
                "source_application_security_group_ids": [],
                "source_port_range": "*",
                "source_port_ranges": []
              }
            ],
            "tags": null,
            "timeouts": null
          },
          "sensitive_attributes": [],
          "private": "eyJlMmJmYjczMC1lY2FhLTExZTYtOGY4OC0zNDM2M2JjN2M0YzAiOnsiY3JlYXRlIjoxODAwMDAwMDAwMDAwLCJkZWxldGUiOjE4MDAwMDAwMDAwMDAsInJlYWQiOjMwMDAwMDAwMDAwMCwidXBkYXRlIjoxODAwMDAwMDAwMDAwfX0=",
          "dependencies": [
            "azurerm_resource_group.rg",
            "random_pet.rg_name"
          ]
        }
      ]
    },
    {
      "mode": "managed",
      "type": "azurerm_public_ip",
      "name": "my_terraform_public_ip",
      "provider": "provider[\"registry.terraform.io/hashicorp/azurerm\"]",
      "instances": [
        {
          "schema_version": 0,
          "attributes": {
            "allocation_method": "Dynamic",
            "ddos_protection_mode": "VirtualNetworkInherited",
            "ddos_protection_plan_id": null,
            "domain_name_label": null,
            "edge_zone": "",
            "fqdn": null,
            "id": "/subscriptions/245f845f-a373-40f2-91cc-2ef54dbb258c/resourceGroups/rg-just-dove/providers/Microsoft.Network/publicIPAddresses/myPublicIP",
            "idle_timeout_in_minutes": 4,
            "ip_address": "",
            "ip_tags": null,
            "ip_version": "IPv4",
            "location": "eastus",
            "name": "myPublicIP",
            "public_ip_prefix_id": null,
            "resource_group_name": "rg-just-dove",
            "reverse_fqdn": null,
            "sku": "Basic",
            "sku_tier": "Regional",
            "tags": null,
            "timeouts": null,
            "zones": null
          },
          "sensitive_attributes": [],
          "private": "eyJlMmJmYjczMC1lY2FhLTExZTYtOGY4OC0zNDM2M2JjN2M0YzAiOnsiY3JlYXRlIjoxODAwMDAwMDAwMDAwLCJkZWxldGUiOjE4MDAwMDAwMDAwMDAsInJlYWQiOjMwMDAwMDAwMDAwMCwidXBkYXRlIjoxODAwMDAwMDAwMDAwfX0=",
          "dependencies": [
            "azurerm_resource_group.rg",
            "random_pet.rg_name"
          ]
        }
      ]
    },
    {
      "mode": "managed",
      "type": "azurerm_resource_group",
      "name": "rg",
      "provider": "provider[\"registry.terraform.io/hashicorp/azurerm\"]",
      "instances": [
        {
          "schema_version": 0,
          "attributes": {
            "id": "/subscriptions/245f845f-a373-40f2-91cc-2ef54dbb258c/resourceGroups/rg-just-dove",
            "location": "eastus",
            "managed_by": "",
            "name": "rg-just-dove",
            "tags": null,
            "timeouts": null
          },
          "sensitive_attributes": [],
          "private": "eyJlMmJmYjczMC1lY2FhLTExZTYtOGY4OC0zNDM2M2JjN2M0YzAiOnsiY3JlYXRlIjo1NDAwMDAwMDAwMDAwLCJkZWxldGUiOjU0MDAwMDAwMDAwMDAsInJlYWQiOjMwMDAwMDAwMDAwMCwidXBkYXRlIjo1NDAwMDAwMDAwMDAwfX0=",
          "dependencies": [
            "random_pet.rg_name"
          ]
        }
      ]
    },
    {
      "mode": "managed",
      "type": "azurerm_storage_account",
      "name": "my_storage_account",
      "provider": "provider[\"registry.terraform.io/hashicorp/azurerm\"]",
      "instances": [
        {
          "schema_version": 4,
          "attributes": {
            "access_tier": "Hot",
            "account_kind": "StorageV2",
            "account_replication_type": "LRS",
            "account_tier": "Standard",
            "allow_nested_items_to_be_public": true,
            "allowed_copy_scope": "",
            "azure_files_authentication": [],
            "blob_properties": [
              {
                "change_feed_enabled": false,
                "change_feed_retention_in_days": 0,
                "container_delete_retention_policy": [],
                "cors_rule": [],
                "default_service_version": "",
                "delete_retention_policy": [],
                "last_access_time_enabled": false,
                "restore_policy": [],
                "versioning_enabled": false
              }
            ],
            "cross_tenant_replication_enabled": true,
            "custom_domain": [],
            "customer_managed_key": [],
            "default_to_oauth_authentication": false,
            "dns_endpoint_type": "Standard",
            "edge_zone": "",
            "enable_https_traffic_only": true,
            "https_traffic_only_enabled": true,
            "id": "/subscriptions/245f845f-a373-40f2-91cc-2ef54dbb258c/resourceGroups/rg-just-dove/providers/Microsoft.Storage/storageAccounts/diag52dce86468d74049",
            "identity": [],
            "immutability_policy": [],
            "infrastructure_encryption_enabled": false,
            "is_hns_enabled": false,
            "large_file_share_enabled": false,
            "local_user_enabled": true,
            "location": "eastus",
            "min_tls_version": "TLS1_2",
            "name": "diag52dce86468d74049",
            "network_rules": [],
            "nfsv3_enabled": false,
            "primary_access_key": "TYM1C9h2zAOmEyK3XiDGqVOdFEQJ7DTLwqS9TkQe42Ad0iad3u8IZhQ71/eg423s3C4Dr25rjXjR+AStEG5aOg==",
            "primary_blob_connection_string": "DefaultEndpointsProtocol=https;BlobEndpoint=https://diag52dce86468d74049.blob.core.windows.net/;AccountName=diag52dce86468d74049;AccountKey=TYM1C9h2zAOmEyK3XiDGqVOdFEQJ7DTLwqS9TkQe42Ad0iad3u8IZhQ71/eg423s3C4Dr25rjXjR+AStEG5aOg==",
            "primary_blob_endpoint": "https://diag52dce86468d74049.blob.core.windows.net/",
            "primary_blob_host": "diag52dce86468d74049.blob.core.windows.net",
            "primary_blob_internet_endpoint": "",
            "primary_blob_internet_host": "",
            "primary_blob_microsoft_endpoint": "",
            "primary_blob_microsoft_host": "",
            "primary_connection_string": "DefaultEndpointsProtocol=https;AccountName=diag52dce86468d74049;AccountKey=TYM1C9h2zAOmEyK3XiDGqVOdFEQJ7DTLwqS9TkQe42Ad0iad3u8IZhQ71/eg423s3C4Dr25rjXjR+AStEG5aOg==;EndpointSuffix=core.windows.net",
            "primary_dfs_endpoint": "https://diag52dce86468d74049.dfs.core.windows.net/",
            "primary_dfs_host": "diag52dce86468d74049.dfs.core.windows.net",
            "primary_dfs_internet_endpoint": "",
            "primary_dfs_internet_host": "",
            "primary_dfs_microsoft_endpoint": "",
            "primary_dfs_microsoft_host": "",
            "primary_file_endpoint": "https://diag52dce86468d74049.file.core.windows.net/",
            "primary_file_host": "diag52dce86468d74049.file.core.windows.net",
            "primary_file_internet_endpoint": "",
            "primary_file_internet_host": "",
            "primary_file_microsoft_endpoint": "",
            "primary_file_microsoft_host": "",
            "primary_location": "eastus",
            "primary_queue_endpoint": "https://diag52dce86468d74049.queue.core.windows.net/",
            "primary_queue_host": "diag52dce86468d74049.queue.core.windows.net",
            "primary_queue_microsoft_endpoint": "",
            "primary_queue_microsoft_host": "",
            "primary_table_endpoint": "https://diag52dce86468d74049.table.core.windows.net/",
            "primary_table_host": "diag52dce86468d74049.table.core.windows.net",
            "primary_table_microsoft_endpoint": "",
            "primary_table_microsoft_host": "",
            "primary_web_endpoint": "https://diag52dce86468d74049.z13.web.core.windows.net/",
            "primary_web_host": "diag52dce86468d74049.z13.web.core.windows.net",
            "primary_web_internet_endpoint": "",
            "primary_web_internet_host": "",
            "primary_web_microsoft_endpoint": "",
            "primary_web_microsoft_host": "",
            "public_network_access_enabled": true,
            "queue_encryption_key_type": "Service",
            "queue_properties": [
              {
                "cors_rule": [],
                "hour_metrics": [
                  {
                    "enabled": true,
                    "include_apis": true,
                    "retention_policy_days": 7,
                    "version": "1.0"
                  }
                ],
                "logging": [
                  {
                    "delete": false,
                    "read": false,
                    "retention_policy_days": 0,
                    "version": "1.0",
                    "write": false
                  }
                ],
                "minute_metrics": [
                  {
                    "enabled": false,
                    "include_apis": false,
                    "retention_policy_days": 0,
                    "version": "1.0"
                  }
                ]
              }
            ],
            "resource_group_name": "rg-just-dove",
            "routing": [],
            "sas_policy": [],
            "secondary_access_key": "wM/KrkcNMOgeqZ2ExX3ups3/g7yvny6lFNNM1DYsv4mTY3nzSothFAxOQzUBWWK1ARy7NA3vSQxe+AStcTnAEA==",
            "secondary_blob_connection_string": "",
            "secondary_blob_endpoint": "",
            "secondary_blob_host": "",
            "secondary_blob_internet_endpoint": "",
            "secondary_blob_internet_host": "",
            "secondary_blob_microsoft_endpoint": "",
            "secondary_blob_microsoft_host": "",
            "secondary_connection_string": "DefaultEndpointsProtocol=https;AccountName=diag52dce86468d74049;AccountKey=wM/KrkcNMOgeqZ2ExX3ups3/g7yvny6lFNNM1DYsv4mTY3nzSothFAxOQzUBWWK1ARy7NA3vSQxe+AStcTnAEA==;EndpointSuffix=core.windows.net",
            "secondary_dfs_endpoint": "",
            "secondary_dfs_host": "",
            "secondary_dfs_internet_endpoint": "",
            "secondary_dfs_internet_host": "",
            "secondary_dfs_microsoft_endpoint": "",
            "secondary_dfs_microsoft_host": "",
            "secondary_file_endpoint": "",
            "secondary_file_host": "",
            "secondary_file_internet_endpoint": "",
            "secondary_file_internet_host": "",
            "secondary_file_microsoft_endpoint": "",
            "secondary_file_microsoft_host": "",
            "secondary_location": "",
            "secondary_queue_endpoint": "",
            "secondary_queue_host": "",
            "secondary_queue_microsoft_endpoint": "",
            "secondary_queue_microsoft_host": "",
            "secondary_table_endpoint": "",
            "secondary_table_host": "",
            "secondary_table_microsoft_endpoint": "",
            "secondary_table_microsoft_host": "",
            "secondary_web_endpoint": "",
            "secondary_web_host": "",
            "secondary_web_internet_endpoint": "",
            "secondary_web_internet_host": "",
            "secondary_web_microsoft_endpoint": "",
            "secondary_web_microsoft_host": "",
            "sftp_enabled": false,
            "share_properties": [
              {
                "cors_rule": [],
                "retention_policy": [
                  {
                    "days": 7
                  }
                ],
                "smb": []
              }
            ],
            "shared_access_key_enabled": true,
            "static_website": [],
            "table_encryption_key_type": "Service",
            "tags": null,
            "timeouts": null
          },
          "sensitive_attributes": [],
          "private": "eyJlMmJmYjczMC1lY2FhLTExZTYtOGY4OC0zNDM2M2JjN2M0YzAiOnsiY3JlYXRlIjozNjAwMDAwMDAwMDAwLCJkZWxldGUiOjM2MDAwMDAwMDAwMDAsInJlYWQiOjMwMDAwMDAwMDAwMCwidXBkYXRlIjozNjAwMDAwMDAwMDAwfSwic2NoZW1hX3ZlcnNpb24iOiI0In0=",
          "dependencies": [
            "azurerm_resource_group.rg",
            "random_id.random_id",
            "random_pet.rg_name"
          ]
        }
      ]
    },
    {
      "mode": "managed",
      "type": "azurerm_subnet",
      "name": "my_terraform_subnet",
      "provider": "provider[\"registry.terraform.io/hashicorp/azurerm\"]",
      "instances": [
        {
          "schema_version": 0,
          "attributes": {
            "address_prefixes": [
              "10.0.1.0/24"
            ],
            "default_outbound_access_enabled": true,
            "delegation": [],
            "enforce_private_link_endpoint_network_policies": false,
            "enforce_private_link_service_network_policies": false,
            "id": "/subscriptions/245f845f-a373-40f2-91cc-2ef54dbb258c/resourceGroups/rg-just-dove/providers/Microsoft.Network/virtualNetworks/myVnet/subnets/mySubnet",
            "name": "mySubnet",
            "private_endpoint_network_policies": "Enabled",
            "private_endpoint_network_policies_enabled": true,
            "private_link_service_network_policies_enabled": true,
            "resource_group_name": "rg-just-dove",
            "service_endpoint_policy_ids": null,
            "service_endpoints": null,
            "timeouts": null,
            "virtual_network_name": "myVnet"
          },
          "sensitive_attributes": [],
          "private": "eyJlMmJmYjczMC1lY2FhLTExZTYtOGY4OC0zNDM2M2JjN2M0YzAiOnsiY3JlYXRlIjoxODAwMDAwMDAwMDAwLCJkZWxldGUiOjE4MDAwMDAwMDAwMDAsInJlYWQiOjMwMDAwMDAwMDAwMCwidXBkYXRlIjoxODAwMDAwMDAwMDAwfX0=",
          "dependencies": [
            "azurerm_resource_group.rg",
            "azurerm_virtual_network.my_terraform_network",
            "random_pet.rg_name"
          ]
        }
      ]
    },
    {
      "mode": "managed",
      "type": "azurerm_virtual_network",
      "name": "my_terraform_network",
      "provider": "provider[\"registry.terraform.io/hashicorp/azurerm\"]",
      "instances": [
        {
          "schema_version": 0,
          "attributes": {
            "address_space": [
              "10.0.0.0/16"
            ],
            "bgp_community": "",
            "ddos_protection_plan": [],
            "dns_servers": [],
            "edge_zone": "",
            "encryption": [],
            "flow_timeout_in_minutes": 0,
            "guid": "87c26d94-acfc-404b-9222-c23f2df34640",
            "id": "/subscriptions/245f845f-a373-40f2-91cc-2ef54dbb258c/resourceGroups/rg-just-dove/providers/Microsoft.Network/virtualNetworks/myVnet",
            "location": "eastus",
            "name": "myVnet",
            "resource_group_name": "rg-just-dove",
            "subnet": [],
            "tags": null,
            "timeouts": null
          },
          "sensitive_attributes": [],
          "private": "eyJlMmJmYjczMC1lY2FhLTExZTYtOGY4OC0zNDM2M2JjN2M0YzAiOnsiY3JlYXRlIjoxODAwMDAwMDAwMDAwLCJkZWxldGUiOjE4MDAwMDAwMDAwMDAsInJlYWQiOjMwMDAwMDAwMDAwMCwidXBkYXRlIjoxODAwMDAwMDAwMDAwfX0=",
          "dependencies": [
            "azurerm_resource_group.rg",
            "random_pet.rg_name"
          ]
        }
      ]
    },
    {
      "mode": "managed",
      "type": "random_id",
      "name": "random_id",
      "provider": "provider[\"registry.terraform.io/hashicorp/random\"]",
      "instances": [
        {
          "schema_version": 0,
          "attributes": {
            "b64_std": "UtzoZGjXQEk=",
            "b64_url": "UtzoZGjXQEk",
            "byte_length": 8,
            "dec": "5970902723939745865",
            "hex": "52dce86468d74049",
            "id": "UtzoZGjXQEk",
            "keepers": {
              "resource_group": "rg-just-dove"
            },
            "prefix": null
          },
          "sensitive_attributes": [],
          "dependencies": [
            "azurerm_resource_group.rg",
            "random_pet.rg_name"
          ]
        }
      ]
    },
    {
      "mode": "managed",
      "type": "random_pet",
      "name": "rg_name",
      "provider": "provider[\"registry.terraform.io/hashicorp/random\"]",
      "instances": [
        {
          "schema_version": 0,
          "attributes": {
            "id": "rg-just-dove",
            "keepers": null,
            "length": 2,
            "prefix": "rg",
            "separator": "-"
          },
          "sensitive_attributes": []
        }
      ]
    },
    {
      "mode": "managed",
      "type": "random_pet",
      "name": "ssh_key_name",
      "provider": "provider[\"registry.terraform.io/hashicorp/random\"]",
      "instances": [
        {
          "schema_version": 0,
          "attributes": {
            "id": "sshintimateswift",
            "keepers": null,
            "length": 2,
            "prefix": "ssh",
            "separator": ""
          },
          "sensitive_attributes": []
        }
      ]
    }
  ],
  "check_results": null
}
